
Microsoft Visual Studio Solution File, Format Version 12.00
# Visual Studio Version 17
VisualStudioVersion = 17.0.31903.59
MinimumVisualStudioVersion = 10.0.40219.1
Project("{2150E333-8FDC-42A3-9474-1A3956D46DE8}") = "src", "src", "{827E0CD3-B72D-47B6-A68D-7590B98EB39B}"
EndProject
Project("{F2A71F9B-5D33-465A-A702-920D77279786}") = "Session01", "src\Session01\Session01.fsproj", "{0DC243CC-917B-4179-8686-4052B07C6466}"
EndProject
Project("{F2A71F9B-5D33-465A-A702-920D77279786}") = "Session02", "src\Session02\Session02.fsproj", "{1E2D9D6B-B7FB-4C54-8851-E6A1F8329407}"
EndProject
Project("{F2A71F9B-5D33-465A-A702-920D77279786}") = "Session03", "src\Session03\Session03.fsproj", "{690CCA5F-03A0-4872-9578-9FC446546407}"
EndProject
Project("{F2A71F9B-5D33-465A-A702-920D77279786}") = "Session04", "src\Session04\Session04.fsproj", "{C8D37CC2-239E-4283-B110-23AF71605CB8}"
EndProject
Project("{F2A71F9B-5D33-465A-A702-920D77279786}") = "Session05", "src\Session05\Session05.fsproj", "{0849BC7F-F147-460B-BD7D-28F13A90267B}"
EndProject
Project("{F2A71F9B-5D33-465A-A702-920D77279786}") = "Session06", "src\Session06\Session06.fsproj", "{76F4CCC8-2AF2-496B-8CB8-F0370FE762EC}"
EndProject
Project("{2150E333-8FDC-42A3-9474-1A3956D46DE8}") = "tests", "tests", "{0AB3BF05-4346-4AA6-1389-037BE0695223}"
EndProject
Project("{F2A71F9B-5D33-465A-A702-920D77279786}") = "Session04.Tests", "tests\Session04.Tests\Session04.Tests.fsproj", "{32EC9B85-3801-4131-84EE-1E562DEBF502}"
EndProject
Global
	GlobalSection(SolutionConfigurationPlatforms) = preSolution
		Debug|Any CPU = Debug|Any CPU
		Debug|x64 = Debug|x64
		Debug|x86 = Debug|x86
		Release|Any CPU = Release|Any CPU
		Release|x64 = Release|x64
		Release|x86 = Release|x86
	EndGlobalSection
	GlobalSection(ProjectConfigurationPlatforms) = postSolution
		{0DC243CC-917B-4179-8686-4052B07C6466}.Debug|Any CPU.ActiveCfg = Debug|Any CPU
		{0DC243CC-917B-4179-8686-4052B07C6466}.Debug|Any CPU.Build.0 = Debug|Any CPU
		{0DC243CC-917B-4179-8686-4052B07C6466}.Debug|x64.ActiveCfg = Debug|Any CPU
		{0DC243CC-917B-4179-8686-4052B07C6466}.Debug|x64.Build.0 = Debug|Any CPU
		{0DC243CC-917B-4179-8686-4052B07C6466}.Debug|x86.ActiveCfg = Debug|Any CPU
		{0DC243CC-917B-4179-8686-4052B07C6466}.Debug|x86.Build.0 = Debug|Any CPU
		{0DC243CC-917B-4179-8686-4052B07C6466}.Release|Any CPU.ActiveCfg = Release|Any CPU
		{0DC243CC-917B-4179-8686-4052B07C6466}.Release|Any CPU.Build.0 = Release|Any CPU
		{0DC243CC-917B-4179-8686-4052B07C6466}.Release|x64.ActiveCfg = Release|Any CPU
		{0DC243CC-917B-4179-8686-4052B07C6466}.Release|x64.Build.0 = Release|Any CPU
		{0DC243CC-917B-4179-8686-4052B07C6466}.Release|x86.ActiveCfg = Release|Any CPU
		{0DC243CC-917B-4179-8686-4052B07C6466}.Release|x86.Build.0 = Release|Any CPU
		{1E2D9D6B-B7FB-4C54-8851-E6A1F8329407}.Debug|Any CPU.ActiveCfg = Debug|Any CPU
		{1E2D9D6B-B7FB-4C54-8851-E6A1F8329407}.Debug|Any CPU.Build.0 = Debug|Any CPU
		{1E2D9D6B-B7FB-4C54-8851-E6A1F8329407}.Debug|x64.ActiveCfg = Debug|Any CPU
		{1E2D9D6B-B7FB-4C54-8851-E6A1F8329407}.Debug|x64.Build.0 = Debug|Any CPU
		{1E2D9D6B-B7FB-4C54-8851-E6A1F8329407}.Debug|x86.ActiveCfg = Debug|Any CPU
		{1E2D9D6B-B7FB-4C54-8851-E6A1F8329407}.Debug|x86.Build.0 = Debug|Any CPU
		{1E2D9D6B-B7FB-4C54-8851-E6A1F8329407}.Release|Any CPU.ActiveCfg = Release|Any CPU
		{1E2D9D6B-B7FB-4C54-8851-E6A1F8329407}.Release|Any CPU.Build.0 = Release|Any CPU
		{1E2D9D6B-B7FB-4C54-8851-E6A1F8329407}.Release|x64.ActiveCfg = Release|Any CPU
		{1E2D9D6B-B7FB-4C54-8851-E6A1F8329407}.Release|x64.Build.0 = Release|Any CPU
		{1E2D9D6B-B7FB-4C54-8851-E6A1F8329407}.Release|x86.ActiveCfg = Release|Any CPU
		{1E2D9D6B-B7FB-4C54-8851-E6A1F8329407}.Release|x86.Build.0 = Release|Any CPU
		{690CCA5F-03A0-4872-9578-9FC446546407}.Debug|Any CPU.ActiveCfg = Debug|Any CPU
		{690CCA5F-03A0-4872-9578-9FC446546407}.Debug|Any CPU.Build.0 = Debug|Any CPU
		{690CCA5F-03A0-4872-9578-9FC446546407}.Debug|x64.ActiveCfg = Debug|Any CPU
		{690CCA5F-03A0-4872-9578-9FC446546407}.Debug|x64.Build.0 = Debug|Any CPU
		{690CCA5F-03A0-4872-9578-9FC446546407}.Debug|x86.ActiveCfg = Debug|Any CPU
		{690CCA5F-03A0-4872-9578-9FC446546407}.Debug|x86.Build.0 = Debug|Any CPU
		{690CCA5F-03A0-4872-9578-9FC446546407}.Release|Any CPU.ActiveCfg = Release|Any CPU
		{690CCA5F-03A0-4872-9578-9FC446546407}.Release|Any CPU.Build.0 = Release|Any CPU
		{690CCA5F-03A0-4872-9578-9FC446546407}.Release|x64.ActiveCfg = Release|Any CPU
		{690CCA5F-03A0-4872-9578-9FC446546407}.Release|x64.Build.0 = Release|Any CPU
		{690CCA5F-03A0-4872-9578-9FC446546407}.Release|x86.ActiveCfg = Release|Any CPU
		{690CCA5F-03A0-4872-9578-9FC446546407}.Release|x86.Build.0 = Release|Any CPU
		{C8D37CC2-239E-4283-B110-23AF71605CB8}.Debug|Any CPU.ActiveCfg = Debug|Any CPU
		{C8D37CC2-239E-4283-B110-23AF71605CB8}.Debug|Any CPU.Build.0 = Debug|Any CPU
		{C8D37CC2-239E-4283-B110-23AF71605CB8}.Debug|x64.ActiveCfg = Debug|Any CPU
		{C8D37CC2-239E-4283-B110-23AF71605CB8}.Debug|x64.Build.0 = Debug|Any CPU
		{C8D37CC2-239E-4283-B110-23AF71605CB8}.Debug|x86.ActiveCfg = Debug|Any CPU
		{C8D37CC2-239E-4283-B110-23AF71605CB8}.Debug|x86.Build.0 = Debug|Any CPU
		{C8D37CC2-239E-4283-B110-23AF71605CB8}.Release|Any CPU.ActiveCfg = Release|Any CPU
		{C8D37CC2-239E-4283-B110-23AF71605CB8}.Release|Any CPU.Build.0 = Release|Any CPU
		{C8D37CC2-239E-4283-B110-23AF71605CB8}.Release|x64.ActiveCfg = Release|Any CPU
		{C8D37CC2-239E-4283-B110-23AF71605CB8}.Release|x64.Build.0 = Release|Any CPU
		{C8D37CC2-239E-4283-B110-23AF71605CB8}.Release|x86.ActiveCfg = Release|Any CPU
		{C8D37CC2-239E-4283-B110-23AF71605CB8}.Release|x86.Build.0 = Release|Any CPU
		{0849BC7F-F147-460B-BD7D-28F13A90267B}.Debug|Any CPU.ActiveCfg = Debug|Any CPU
		{0849BC7F-F147-460B-BD7D-28F13A90267B}.Debug|Any CPU.Build.0 = Debug|Any CPU
		{0849BC7F-F147-460B-BD7D-28F13A90267B}.Debug|x64.ActiveCfg = Debug|Any CPU
		{0849BC7F-F147-460B-BD7D-28F13A90267B}.Debug|x64.Build.0 = Debug|Any CPU
		{0849BC7F-F147-460B-BD7D-28F13A90267B}.Debug|x86.ActiveCfg = Debug|Any CPU
		{0849BC7F-F147-460B-BD7D-28F13A90267B}.Debug|x86.Build.0 = Debug|Any CPU
		{0849BC7F-F147-460B-BD7D-28F13A90267B}.Release|Any CPU.ActiveCfg = Release|Any CPU
		{0849BC7F-F147-460B-BD7D-28F13A90267B}.Release|Any CPU.Build.0 = Release|Any CPU
		{0849BC7F-F147-460B-BD7D-28F13A90267B}.Release|x64.ActiveCfg = Release|Any CPU
		{0849BC7F-F147-460B-BD7D-28F13A90267B}.Release|x64.Build.0 = Release|Any CPU
		{0849BC7F-F147-460B-BD7D-28F13A90267B}.Release|x86.ActiveCfg = Release|Any CPU
		{0849BC7F-F147-460B-BD7D-28F13A90267B}.Release|x86.Build.0 = Release|Any CPU
		{76F4CCC8-2AF2-496B-8CB8-F0370FE762EC}.Debug|Any CPU.ActiveCfg = Debug|Any CPU
		{76F4CCC8-2AF2-496B-8CB8-F0370FE762EC}.Debug|Any CPU.Build.0 = Debug|Any CPU
		{76F4CCC8-2AF2-496B-8CB8-F0370FE762EC}.Debug|x64.ActiveCfg = Debug|Any CPU
		{76F4CCC8-2AF2-496B-8CB8-F0370FE762EC}.Debug|x64.Build.0 = Debug|Any CPU
		{76F4CCC8-2AF2-496B-8CB8-F0370FE762EC}.Debug|x86.ActiveCfg = Debug|Any CPU
		{76F4CCC8-2AF2-496B-8CB8-F0370FE762EC}.Debug|x86.Build.0 = Debug|Any CPU
		{76F4CCC8-2AF2-496B-8CB8-F0370FE762EC}.Release|Any CPU.ActiveCfg = Release|Any CPU
		{76F4CCC8-2AF2-496B-8CB8-F0370FE762EC}.Release|Any CPU.Build.0 = Release|Any CPU
		{76F4CCC8-2AF2-496B-8CB8-F0370FE762EC}.Release|x64.ActiveCfg = Release|Any CPU
		{76F4CCC8-2AF2-496B-8CB8-F0370FE762EC}.Release|x64.Build.0 = Release|Any CPU
		{76F4CCC8-2AF2-496B-8CB8-F0370FE762EC}.Release|x86.ActiveCfg = Release|Any CPU
		{76F4CCC8-2AF2-496B-8CB8-F0370FE762EC}.Release|x86.Build.0 = Release|Any CPU
		{32EC9B85-3801-4131-84EE-1E562DEBF502}.Debug|Any CPU.ActiveCfg = Debug|Any CPU
		{32EC9B85-3801-4131-84EE-1E562DEBF502}.Debug|Any CPU.Build.0 = Debug|Any CPU
		{32EC9B85-3801-4131-84EE-1E562DEBF502}.Debug|x64.ActiveCfg = Debug|Any CPU
		{32EC9B85-3801-4131-84EE-1E562DEBF502}.Debug|x64.Build.0 = Debug|Any CPU
		{32EC9B85-3801-4131-84EE-1E562DEBF502}.Debug|x86.ActiveCfg = Debug|Any CPU
		{32EC9B85-3801-4131-84EE-1E562DEBF502}.Debug|x86.Build.0 = Debug|Any CPU
		{32EC9B85-3801-4131-84EE-1E562DEBF502}.Release|Any CPU.ActiveCfg = Release|Any CPU
		{32EC9B85-3801-4131-84EE-1E562DEBF502}.Release|Any CPU.Build.0 = Release|Any CPU
		{32EC9B85-3801-4131-84EE-1E562DEBF502}.Release|x64.ActiveCfg = Release|Any CPU
		{32EC9B85-3801-4131-84EE-1E562DEBF502}.Release|x64.Build.0 = Release|Any CPU
		{32EC9B85-3801-4131-84EE-1E562DEBF502}.Release|x86.ActiveCfg = Release|Any CPU
		{32EC9B85-3801-4131-84EE-1E562DEBF502}.Release|x86.Build.0 = Release|Any CPU
	EndGlobalSection
	GlobalSection(SolutionProperties) = preSolution
		HideSolutionNode = FALSE
	EndGlobalSection
	GlobalSection(NestedProjects) = preSolution
		{0DC243CC-917B-4179-8686-4052B07C6466} = {827E0CD3-B72D-47B6-A68D-7590B98EB39B}
		{1E2D9D6B-B7FB-4C54-8851-E6A1F8329407} = {827E0CD3-B72D-47B6-A68D-7590B98EB39B}
		{690CCA5F-03A0-4872-9578-9FC446546407} = {827E0CD3-B72D-47B6-A68D-7590B98EB39B}
		{C8D37CC2-239E-4283-B110-23AF71605CB8} = {827E0CD3-B72D-47B6-A68D-7590B98EB39B}
		{0849BC7F-F147-460B-BD7D-28F13A90267B} = {827E0CD3-B72D-47B6-A68D-7590B98EB39B}
		{76F4CCC8-2AF2-496B-8CB8-F0370FE762EC} = {827E0CD3-B72D-47B6-A68D-7590B98EB39B}
		{32EC9B85-3801-4131-84EE-1E562DEBF502} = {0AB3BF05-4346-4AA6-1389-037BE0695223}
	EndGlobalSection
EndGlobal
